
Microsoft Visual Studio Solution File, Format Version 12.00
# Visual Studio 15
VisualStudioVersion = 15.0.27428.2027
MinimumVisualStudioVersion = 10.0.40219.1
Project("{8BC9CEB8-8B4A-11D0-8D11-00A0C91BC942}") = "TrajEulerIntegration", "TrajEulerIntegration.vcxproj", "{D2BDAEF2-087C-411D-8799-D0B69A4AF791}"
EndProject
Global
	GlobalSection(SolutionConfigurationPlatforms) = preSolution
		Debug|x64 = Debug|x64
		Debug|x86 = Debug|x86
		Release|x64 = Release|x64
		Release|x86 = Release|x86
	EndGlobalSection
	GlobalSection(ProjectConfigurationPlatforms) = postSolution
		{D2BDAEF2-087C-411D-8799-D0B69A4AF791}.Debug|x64.ActiveCfg = Debug|x64
		{D2BDAEF2-087C-411D-8799-D0B69A4AF791}.Debug|x64.Build.0 = Debug|x64
		{D2BDAEF2-087C-411D-8799-D0B69A4AF791}.Debug|x86.ActiveCfg = Debug|Win32
		{D2BDAEF2-087C-411D-8799-D0B69A4AF791}.Debug|x86.Build.0 = Debug|Win32
		{D2BDAEF2-087C-411D-8799-D0B69A4AF791}.Release|x64.ActiveCfg = Release|x64
		{D2BDAEF2-087C-411D-8799-D0B69A4AF791}.Release|x64.Build.0 = Release|x64
		{D2BDAEF2-087C-411D-8799-D0B69A4AF791}.Release|x86.ActiveCfg = Release|Win32
		{D2BDAEF2-087C-411D-8799-D0B69A4AF791}.Release|x86.Build.0 = Release|Win32
	EndGlobalSection
	GlobalSection(SolutionProperties) = preSolution
		HideSolutionNode = FALSE
	EndGlobalSection
	GlobalSection(ExtensibilityGlobals) = postSolution
		SolutionGuid = {5AF66C3C-D6E2-46C3-A59A-2BD15420F674}
	EndGlobalSection
EndGlobal
